{
  "name": "nkr_urlbuilder",
  "version": "1.0.9",
  "lockfileVersion": 1,
  "requires": true,
  "dependencies": {
    "nkr_urlbuilder": {
      "version": "1.0.0",
      "resolved": "https://registry.npmjs.org/nkr_urlbuilder/-/nkr_urlbuilder-1.0.0.tgz",
      "integrity": "sha512-JqCUSvJWHCVE5kKUEqALPiqy5AjiN3Oy2o31ipaU/TTVbtAK2Uged4GkzyieKG2c+a3/TX6wtYXAH4GGDWwMSg=="
    }
  }
}
